
Microsoft Visual Studio Solution File, Format Version 12.00
# Visual Studio Version 16
VisualStudioVersion = 16.0.31129.286
MinimumVisualStudioVersion = 10.0.40219.1
Project("{9A19103F-16F7-4668-BE54-9A1E7A4F7556}") = "Hangfire.Simplify", "Hangfire.Simplify\Hangfire.Simplify.csproj", "{15AF0C3F-2B2E-407B-8543-3A961227E176}"
EndProject
Global
	GlobalSection(SolutionConfigurationPlatforms) = preSolution
		Debug|Any CPU = Debug|Any CPU
		Release|Any CPU = Release|Any CPU
	EndGlobalSection
	GlobalSection(ProjectConfigurationPlatforms) = postSolution
		{15AF0C3F-2B2E-407B-8543-3A961227E176}.Debug|Any CPU.ActiveCfg = Debug|Any CPU
		{15AF0C3F-2B2E-407B-8543-3A961227E176}.Debug|Any CPU.Build.0 = Debug|Any CPU
		{15AF0C3F-2B2E-407B-8543-3A961227E176}.Release|Any CPU.ActiveCfg = Release|Any CPU
		{15AF0C3F-2B2E-407B-8543-3A961227E176}.Release|Any CPU.Build.0 = Release|Any CPU
	EndGlobalSection
	GlobalSection(SolutionProperties) = preSolution
		HideSolutionNode = FALSE
	EndGlobalSection
	GlobalSection(ExtensibilityGlobals) = postSolution
		SolutionGuid = {9DEBACD0-E4D8-41AD-A326-A8B3CABA55E4}
	EndGlobalSection
EndGlobal
